{
  "name": "component",
  "version": "1.0.0",
  "lockfileVersion": 3,
  "requires": true,
  "packages": {
    "": {
      "name": "component",
      "version": "1.0.0",
      "license": "ISC",
      "workspaces": [
        "packages/*",
        "systems/*/*"
      ]
    },
    "node_modules/feature-x": {
      "resolved": "packages/feature-x",
      "link": true
    },
    "node_modules/feature-y": {
      "resolved": "packages/feature-y",
      "link": true
    },
    "node_modules/ui-components": {
      "resolved": "packages/ui-components",
      "link": true
    },
    "node_modules/utils": {
      "resolved": "packages/utils",
      "link": true
    },
    "packages/feature-x": {
      "version": "1.0.0",
      "license": "ISC",
      "devDependencies": {}
    },
    "packages/feature-y": {
      "version": "1.0.0",
      "license": "ISC",
      "devDependencies": {}
    },
    "packages/ui-components": {
      "version": "1.0.0",
      "license": "ISC"
    },
    "packages/utils": {
      "version": "1.0.0",
      "license": "ISC",
      "devDependencies": {}
    }
  }
}
