{
  "name": "group-monorepo-system",
  "version": "1.0.0",
  "lockfileVersion": 3,
  "requires": true,
  "packages": {
    "": {
      "name": "group-monorepo-system",
      "version": "1.0.0",
      "workspaces": [
        "packages/*",
        "systems/*/*"
      ],
      "devDependencies": {
        "typescript": "^5.9.3"
      }
    },
    "node_modules/@monorepo/feature-x": {
      "resolved": "packages/feature-x",
      "link": true
    },
    "node_modules/@monorepo/feature-y": {
      "resolved": "packages/feature-y",
      "link": true
    },
    "node_modules/@monorepo/ui-components": {
      "resolved": "packages/ui-components",
      "link": true
    },
    "node_modules/@monorepo/utils": {
      "resolved": "packages/utils",
      "link": true
    },
    "node_modules/@systems/abdi-system-a": {
      "resolved": "systems/abdi-esayas/system-a",
      "link": true
    },
    "node_modules/@systems/abdi-system-b": {
      "resolved": "systems/abdi-esayas/system-b",
      "link": true
    },
    "node_modules/@systems/gebriel-system-a": {
      "resolved": "systems/gebriel-admasu/system-a",
      "link": true
    },
    "node_modules/@systems/gebriel-system-b": {
      "resolved": "systems/gebriel-admasu/system-b",
      "link": true
    },
    "node_modules/@systems/surafel-system-a": {
      "resolved": "systems/surafel-takele/system-a",
      "link": true
    },
    "node_modules/@systems/surafel-system-b": {
      "resolved": "systems/surafel-takele/system-b",
      "link": true
    },
    "node_modules/@systems/tamirat-system-a": {
      "resolved": "systems/tamirat-kebede/system-a",
      "link": true
    },
    "node_modules/@systems/tamirat-system-b": {
      "resolved": "systems/tamirat-kebede/system-b",
      "link": true
    },
    "node_modules/@types/react": {
      "version": "19.2.14",
      "resolved": "https://registry.npmjs.org/@types/react/-/react-19.2.14.tgz",
      "integrity": "sha512-ilcTH/UniCkMdtexkoCN0bI7pMcJDvmQFPvuPvmEaYA/NSfFTAgdUSLAoVjaRJm7+6PvcM+q1zYOwS4wTYMF9w==",
      "dev": true,
      "license": "MIT",
      "dependencies": {
        "csstype": "^3.2.2"
      }
    },
    "node_modules/csstype": {
      "version": "3.2.3",
      "resolved": "https://registry.npmjs.org/csstype/-/csstype-3.2.3.tgz",
      "integrity": "sha512-z1HGKcYy2xA8AGQfwrn0PAy+PB7X/GSj3UVJW9qKyn43xWa+gl5nXmU4qqLMRzWVLFC8KusUX8T/0kCiOYpAIQ==",
      "dev": true,
      "license": "MIT"
    },
    "node_modules/react": {
      "version": "19.2.6",
      "resolved": "https://registry.npmjs.org/react/-/react-19.2.6.tgz",
      "integrity": "sha512-sfWGGfavi0xr8Pg0sVsyHMAOziVYKgPLNrS7ig+ivMNb3wbCBw3KxtflsGBAwD3gYQlE/AEZsTLgToRrSCjb0Q==",
      "license": "MIT",
      "engines": {
        "node": ">=0.10.0"
      }
    },
    "node_modules/typescript": {
      "version": "5.9.3",
      "resolved": "https://registry.npmjs.org/typescript/-/typescript-5.9.3.tgz",
      "integrity": "sha512-jl1vZzPDinLr9eUt3J/t7V6FgNEw9QjvBPdysz9KfQDD41fQrC2Y4vKQdiaUpFT4bXlb1RHhLpp8wtm6M5TgSw==",
      "dev": true,
      "license": "Apache-2.0",
      "bin": {
        "tsc": "bin/tsc",
        "tsserver": "bin/tsserver"
      },
      "engines": {
        "node": ">=14.17"
      }
    },
    "packages/feature-x": {
      "name": "@monorepo/feature-x",
      "version": "1.0.0",
      "dependencies": {
        "@monorepo/ui-components": "1.0.0",
        "@monorepo/utils": "1.0.0",
        "react": "^19.2.0"
      },
      "devDependencies": {
        "@types/react": "^19.2.2"
      }
    },
    "packages/feature-y": {
      "name": "@monorepo/feature-y",
      "version": "1.0.0",
      "dependencies": {
        "@monorepo/ui-components": "1.0.0",
        "@monorepo/utils": "1.0.0",
        "react": "^19.2.0"
      },
      "devDependencies": {
        "@types/react": "^19.2.2"
      }
    },
    "packages/ui-components": {
      "name": "@monorepo/ui-components",
      "version": "1.0.0",
      "devDependencies": {
        "@types/react": "^19.2.2",
        "react": "^19.2.0"
      },
      "peerDependencies": {
        "react": "^19.0.0"
      }
    },
    "packages/utils": {
      "name": "@monorepo/utils",
      "version": "1.0.0"
    },
    "systems/abdi-esayas/system-a": {
      "name": "@systems/abdi-system-a",
      "version": "1.0.0",
      "dependencies": {
        "@monorepo/feature-x": "1.0.0",
        "@monorepo/feature-y": "1.0.0",
        "@monorepo/ui-components": "1.0.0",
        "@monorepo/utils": "1.0.0",
        "react": "^19.2.0"
      },
      "devDependencies": {
        "@types/react": "^19.2.2"
      }
    },
    "systems/abdi-esayas/system-b": {
      "name": "@systems/abdi-system-b",
      "version": "1.0.0",
      "dependencies": {
        "@monorepo/feature-x": "1.0.0",
        "@monorepo/feature-y": "1.0.0",
        "@monorepo/ui-components": "1.0.0",
        "@monorepo/utils": "1.0.0",
        "react": "^19.2.0"
      },
      "devDependencies": {
        "@types/react": "^19.2.2"
      }
    },
    "systems/gebriel-admasu/system-a": {
      "name": "@systems/gebriel-system-a",
      "version": "1.0.0",
      "dependencies": {
        "@monorepo/feature-x": "1.0.0",
        "@monorepo/feature-y": "1.0.0",
        "@monorepo/ui-components": "1.0.0",
        "@monorepo/utils": "1.0.0",
        "react": "^19.2.0"
      },
      "devDependencies": {
        "@types/react": "^19.2.2"
      }
    },
    "systems/gebriel-admasu/system-b": {
      "name": "@systems/gebriel-system-b",
      "version": "1.0.0",
      "dependencies": {
        "@monorepo/feature-x": "1.0.0",
        "@monorepo/feature-y": "1.0.0",
        "@monorepo/ui-components": "1.0.0",
        "@monorepo/utils": "1.0.0",
        "react": "^19.2.0"
      },
      "devDependencies": {
        "@types/react": "^19.2.2"
      }
    },
    "systems/surafel-takele/system-a": {
      "name": "@systems/surafel-system-a",
      "version": "1.0.0",
      "dependencies": {
        "@monorepo/feature-x": "1.0.0",
        "@monorepo/feature-y": "1.0.0",
        "@monorepo/ui-components": "1.0.0",
        "@monorepo/utils": "1.0.0",
        "react": "^19.2.0"
      },
      "devDependencies": {
        "@types/react": "^19.2.2"
      }
    },
    "systems/surafel-takele/system-b": {
      "name": "@systems/surafel-system-b",
      "version": "1.0.0",
      "dependencies": {
        "@monorepo/feature-x": "1.0.0",
        "@monorepo/feature-y": "1.0.0",
        "@monorepo/ui-components": "1.0.0",
        "@monorepo/utils": "1.0.0",
        "react": "^19.2.0"
      },
      "devDependencies": {
        "@types/react": "^19.2.2"
      }
    },
    "systems/tamirat-kebede/system-a": {
      "name": "@systems/tamirat-system-a",
      "version": "1.0.0",
      "dependencies": {
        "@monorepo/feature-x": "1.0.0",
        "@monorepo/feature-y": "1.0.0",
        "@monorepo/ui-components": "1.0.0",
        "@monorepo/utils": "1.0.0",
        "react": "^19.2.0"
      },
      "devDependencies": {
        "@types/react": "^19.2.2"
      }
    },
    "systems/tamirat-kebede/system-b": {
      "name": "@systems/tamirat-system-b",
      "version": "1.0.0",
      "dependencies": {
        "@monorepo/feature-x": "1.0.0",
        "@monorepo/feature-y": "1.0.0",
        "@monorepo/ui-components": "1.0.0",
        "@monorepo/utils": "1.0.0",
        "react": "^19.2.0"
      },
      "devDependencies": {
        "@types/react": "^19.2.2"
      }
    }
  }
}
